{
  "pins" : [
    {
      "identity" : "fleksyengine-ios",
      "kind" : "remoteSourceControl",
      "location" : "https://github.com/FleksySDK/FleksyEngine-iOS",
      "state" : {
        "revision" : "5c4480afc7f56563220dfad4fcc0e25b19a3d095",
        "version" : "3.5.30"
      }
    },
    {
      "identity" : "fleksysdk-ios",
      "kind" : "remoteSourceControl",
      "location" : "https://github.com/FleksySDK/FleksySDK-iOS",
      "state" : {
        "revision" : "39077776341bcaf54508ef452418005ef308caaa",
        "version" : "4.2.5"
      }
    },
    {
      "identity" : "ios-coreservices",
      "kind" : "remoteSourceControl",
      "location" : "https://github.com/FleksySDK/iOS-CoreServices",
      "state" : {
        "revision" : "5deb5e4eb89ca8f9e62a6f152d87db8f490ad3a1",
        "version" : "1.3.0"
      }
    }
  ],
  "version" : 2
}
