{
  "pins" : [
    {
      "identity" : "fleksyengine-ios",
      "kind" : "remoteSourceControl",
      "location" : "https://github.com/FleksySDK/FleksyEngine-iOS",
      "state" : {
        "revision" : "8d08c31306d276a7a9d734015a8bc1926338a48d",
        "version" : "3.5.14"
      }
    },
    {
      "identity" : "fleksysdk-ios",
      "kind" : "remoteSourceControl",
      "location" : "https://github.com/FleksySDK/FleksySDK-iOS",
      "state" : {
        "revision" : "310620480cd21622a26c7d8e9b2a72d32f8b1155",
        "version" : "4.0.4"
      }
    }
  ],
  "version" : 2
}
