// !$*UTF8*$!
{
	archiveVersion = 1;
	classes = {
	};
	objectVersion = 56;
	objects = {

/* Begin PBXBuildFile section */
		75BECA662BC9507E001FA00A /* InAppKeyboardSwiftUIApp.swift in Sources */ = {isa = PBXBuildFile; fileRef = 75BECA652BC9507E001FA00A /* InAppKeyboardSwiftUIApp.swift */; };
		75BECA682BC9507E001FA00A /* ContentView.swift in Sources */ = {isa = PBXBuildFile; fileRef = 75BECA672BC9507E001FA00A /* ContentView.swift */; };
		75BECA6A2BC9507F001FA00A /* Assets.xcassets in Resources */ = {isa = PBXBuildFile; fileRef = 75BECA692BC9507F001FA00A /* Assets.xcassets */; };
		75BECA6D2BC9507F001FA00A /* Preview Assets.xcassets in Resources */ = {isa = PBXBuildFile; fileRef = 75BECA6C2BC9507F001FA00A /* Preview Assets.xcassets */; };
		75BECA752BC950A4001FA00A /* FleksySDK in Frameworks */ = {isa = PBXBuildFile; productRef = 75BECA742BC950A4001FA00A /* FleksySDK */; };
		75BECA792BC95144001FA00A /* KeyboardViewController.swift in Sources */ = {isa = PBXBuildFile; fileRef = 75BECA782BC95144001FA00A /* KeyboardViewController.swift */; };
		75BECA7C2BC9527F001FA00A /* InAppKeyboardTextField.swift in Sources */ = {isa = PBXBuildFile; fileRef = 75BECA7B2BC9527F001FA00A /* InAppKeyboardTextField.swift */; };
/* End PBXBuildFile section */

/* Begin PBXFileReference section */
		75BECA622BC9507E001FA00A /* InAppKeyboardSwiftUI.app */ = {isa = PBXFileReference; explicitFileType = wrapper.application; includeInIndex = 0; path = InAppKeyboardSwiftUI.app; sourceTree = BUILT_PRODUCTS_DIR; };
		75BECA652BC9507E001FA00A /* InAppKeyboardSwiftUIApp.swift */ = {isa = PBXFileReference; lastKnownFileType = sourcecode.swift; path = InAppKeyboardSwiftUIApp.swift; sourceTree = "<group>"; };
		75BECA672BC9507E001FA00A /* ContentView.swift */ = {isa = PBXFileReference; lastKnownFileType = sourcecode.swift; path = ContentView.swift; sourceTree = "<group>"; };
		75BECA692BC9507F001FA00A /* Assets.xcassets */ = {isa = PBXFileReference; lastKnownFileType = folder.assetcatalog; path = Assets.xcassets; sourceTree = "<group>"; };
		75BECA6C2BC9507F001FA00A /* Preview Assets.xcassets */ = {isa = PBXFileReference; lastKnownFileType = folder.assetcatalog; path = "Preview Assets.xcassets"; sourceTree = "<group>"; };
		75BECA772BC950DE001FA00A /* SampleCode.xcconfig */ = {isa = PBXFileReference; lastKnownFileType = text.xcconfig; path = SampleCode.xcconfig; sourceTree = "<group>"; };
		75BECA782BC95144001FA00A /* KeyboardViewController.swift */ = {isa = PBXFileReference; lastKnownFileType = sourcecode.swift; path = KeyboardViewController.swift; sourceTree = "<group>"; };
		75BECA7B2BC9527F001FA00A /* InAppKeyboardTextField.swift */ = {isa = PBXFileReference; lastKnownFileType = sourcecode.swift; path = InAppKeyboardTextField.swift; sourceTree = "<group>"; };
/* End PBXFileReference section */

/* Begin PBXFrameworksBuildPhase section */
		75BECA5F2BC9507E001FA00A /* Frameworks */ = {
			isa = PBXFrameworksBuildPhase;
			buildActionMask = 2147483647;
			files = (
				75BECA752BC950A4001FA00A /* FleksySDK in Frameworks */,
			);
			runOnlyForDeploymentPostprocessing = 0;
		};
/* End PBXFrameworksBuildPhase section */

/* Begin PBXGroup section */
		75BECA592BC9507E001FA00A = {
			isa = PBXGroup;
			children = (
				75BECA642BC9507E001FA00A /* InAppKeyboardSwiftUI */,
				75BECA632BC9507E001FA00A /* Products */,
			);
			sourceTree = "<group>";
		};
		75BECA632BC9507E001FA00A /* Products */ = {
			isa = PBXGroup;
			children = (
				75BECA622BC9507E001FA00A /* InAppKeyboardSwiftUI.app */,
			);
			name = Products;
			sourceTree = "<group>";
		};
		75BECA642BC9507E001FA00A /* InAppKeyboardSwiftUI */ = {
			isa = PBXGroup;
			children = (
				75BECA762BC950CD001FA00A /* Configuration */,
				75BECA652BC9507E001FA00A /* InAppKeyboardSwiftUIApp.swift */,
				75BECA672BC9507E001FA00A /* ContentView.swift */,
				75BECA7B2BC9527F001FA00A /* InAppKeyboardTextField.swift */,
				75BECA782BC95144001FA00A /* KeyboardViewController.swift */,
				75BECA692BC9507F001FA00A /* Assets.xcassets */,
				75BECA6B2BC9507F001FA00A /* Preview Content */,
			);
			path = InAppKeyboardSwiftUI;
			sourceTree = "<group>";
		};
		75BECA6B2BC9507F001FA00A /* Preview Content */ = {
			isa = PBXGroup;
			children = (
				75BECA6C2BC9507F001FA00A /* Preview Assets.xcassets */,
			);
			path = "Preview Content";
			sourceTree = "<group>";
		};
		75BECA762BC950CD001FA00A /* Configuration */ = {
			isa = PBXGroup;
			children = (
				75BECA772BC950DE001FA00A /* SampleCode.xcconfig */,
			);
			path = Configuration;
			sourceTree = "<group>";
		};
/* End PBXGroup section */

/* Begin PBXNativeTarget section */
		75BECA612BC9507E001FA00A /* InAppKeyboardSwiftUI */ = {
			isa = PBXNativeTarget;
			buildConfigurationList = 75BECA702BC9507F001FA00A /* Build configuration list for PBXNativeTarget "InAppKeyboardSwiftUI" */;
			buildPhases = (
				75BECA5E2BC9507E001FA00A /* Sources */,
				75BECA5F2BC9507E001FA00A /* Frameworks */,
				75BECA602BC9507E001FA00A /* Resources */,
			);
			buildRules = (
			);
			dependencies = (
			);
			name = InAppKeyboardSwiftUI;
			packageProductDependencies = (
				75BECA742BC950A4001FA00A /* FleksySDK */,
			);
			productName = InAppKeyboardSwiftUI;
			productReference = 75BECA622BC9507E001FA00A /* InAppKeyboardSwiftUI.app */;
			productType = "com.apple.product-type.application";
		};
/* End PBXNativeTarget section */

/* Begin PBXProject section */
		75BECA5A2BC9507E001FA00A /* Project object */ = {
			isa = PBXProject;
			attributes = {
				BuildIndependentTargetsInParallel = 1;
				LastSwiftUpdateCheck = 1520;
				LastUpgradeCheck = 1520;
				TargetAttributes = {
					75BECA612BC9507E001FA00A = {
						CreatedOnToolsVersion = 15.2;
					};
				};
			};
			buildConfigurationList = 75BECA5D2BC9507E001FA00A /* Build configuration list for PBXProject "InAppKeyboardSwiftUI" */;
			compatibilityVersion = "Xcode 14.0";
			developmentRegion = en;
			hasScannedForEncodings = 0;
			knownRegions = (
				en,
				Base,
			);
			mainGroup = 75BECA592BC9507E001FA00A;
			packageReferences = (
				75BECA732BC950A4001FA00A /* XCRemoteSwiftPackageReference "FleksySDK-iOS" */,
			);
			productRefGroup = 75BECA632BC9507E001FA00A /* Products */;
			projectDirPath = "";
			projectRoot = "";
			targets = (
				75BECA612BC9507E001FA00A /* InAppKeyboardSwiftUI */,
			);
		};
/* End PBXProject section */

/* Begin PBXResourcesBuildPhase section */
		75BECA602BC9507E001FA00A /* Resources */ = {
			isa = PBXResourcesBuildPhase;
			buildActionMask = 2147483647;
			files = (
				75BECA6D2BC9507F001FA00A /* Preview Assets.xcassets in Resources */,
				75BECA6A2BC9507F001FA00A /* Assets.xcassets in Resources */,
			);
			runOnlyForDeploymentPostprocessing = 0;
		};
/* End PBXResourcesBuildPhase section */

/* Begin PBXSourcesBuildPhase section */
		75BECA5E2BC9507E001FA00A /* Sources */ = {
			isa = PBXSourcesBuildPhase;
			buildActionMask = 2147483647;
			files = (
				75BECA682BC9507E001FA00A /* ContentView.swift in Sources */,
				75BECA7C2BC9527F001FA00A /* InAppKeyboardTextField.swift in Sources */,
				75BECA792BC95144001FA00A /* KeyboardViewController.swift in Sources */,
				75BECA662BC9507E001FA00A /* InAppKeyboardSwiftUIApp.swift in Sources */,
			);
			runOnlyForDeploymentPostprocessing = 0;
		};
/* End PBXSourcesBuildPhase section */

/* Begin XCBuildConfiguration section */
		75BECA6E2BC9507F001FA00A /* Debug */ = {
			isa = XCBuildConfiguration;
			baseConfigurationReference = 75BECA772BC950DE001FA00A /* SampleCode.xcconfig */;
			buildSettings = {
				ALWAYS_SEARCH_USER_PATHS = NO;
				ASSETCATALOG_COMPILER_GENERATE_SWIFT_ASSET_SYMBOL_EXTENSIONS = YES;
				CLANG_ANALYZER_NONNULL = YES;
				CLANG_ANALYZER_NUMBER_OBJECT_CONVERSION = YES_AGGRESSIVE;
				CLANG_CXX_LANGUAGE_STANDARD = "gnu++20";
				CLANG_ENABLE_MODULES = YES;
				CLANG_ENABLE_OBJC_ARC = YES;
				CLANG_ENABLE_OBJC_WEAK = YES;
				CLANG_WARN_BLOCK_CAPTURE_AUTORELEASING = YES;
				CLANG_WARN_BOOL_CONVERSION = YES;
				CLANG_WARN_COMMA = YES;
				CLANG_WARN_CONSTANT_CONVERSION = YES;
				CLANG_WARN_DEPRECATED_OBJC_IMPLEMENTATIONS = YES;
				CLANG_WARN_DIRECT_OBJC_ISA_USAGE = YES_ERROR;
				CLANG_WARN_DOCUMENTATION_COMMENTS = YES;
				CLANG_WARN_EMPTY_BODY = YES;
				CLANG_WARN_ENUM_CONVERSION = YES;
				CLANG_WARN_INFINITE_RECURSION = YES;
				CLANG_WARN_INT_CONVERSION = YES;
				CLANG_WARN_NON_LITERAL_NULL_CONVERSION = YES;
				CLANG_WARN_OBJC_IMPLICIT_RETAIN_SELF = YES;
				CLANG_WARN_OBJC_LITERAL_CONVERSION = YES;
				CLANG_WARN_OBJC_ROOT_CLASS = YES_ERROR;
				CLANG_WARN_QUOTED_INCLUDE_IN_FRAMEWORK_HEADER = YES;
				CLANG_WARN_RANGE_LOOP_ANALYSIS = YES;
				CLANG_WARN_STRICT_PROTOTYPES = YES;
				CLANG_WARN_SUSPICIOUS_MOVE = YES;
				CLANG_WARN_UNGUARDED_AVAILABILITY = YES_AGGRESSIVE;
				CLANG_WARN_UNREACHABLE_CODE = YES;
				CLANG_WARN__DUPLICATE_METHOD_MATCH = YES;
				COPY_PHASE_STRIP = NO;
				DEBUG_INFORMATION_FORMAT = dwarf;
				ENABLE_STRICT_OBJC_MSGSEND = YES;
				ENABLE_TESTABILITY = YES;
				ENABLE_USER_SCRIPT_SANDBOXING = YES;
				GCC_C_LANGUAGE_STANDARD = gnu17;
				GCC_DYNAMIC_NO_PIC = NO;
				GCC_NO_COMMON_BLOCKS = YES;
				GCC_OPTIMIZATION_LEVEL = 0;
				GCC_PREPROCESSOR_DEFINITIONS = (
					"DEBUG=1",
					"$(inherited)",
				);
				GCC_WARN_64_TO_32_BIT_CONVERSION = YES;
				GCC_WARN_ABOUT_RETURN_TYPE = YES_ERROR;
				GCC_WARN_UNDECLARED_SELECTOR = YES;
				GCC_WARN_UNINITIALIZED_AUTOS = YES_AGGRESSIVE;
				GCC_WARN_UNUSED_FUNCTION = YES;
				GCC_WARN_UNUSED_VARIABLE = YES;
				IPHONEOS_DEPLOYMENT_TARGET = 15.0;
				LOCALIZATION_PREFERS_STRING_CATALOGS = YES;
				MTL_ENABLE_DEBUG_INFO = INCLUDE_SOURCE;
				MTL_FAST_MATH = YES;
				ONLY_ACTIVE_ARCH = YES;
				SDKROOT = iphoneos;
				SWIFT_ACTIVE_COMPILATION_CONDITIONS = "DEBUG $(inherited)";
				SWIFT_OPTIMIZATION_LEVEL = "-Onone";
			};
			name = Debug;
		};
		75BECA6F2BC9507F001FA00A /* Release */ = {
			isa = XCBuildConfiguration;
			baseConfigurationReference = 75BECA772BC950DE001FA00A /* SampleCode.xcconfig */;
			buildSettings = {
				ALWAYS_SEARCH_USER_PATHS = NO;
				ASSETCATALOG_COMPILER_GENERATE_SWIFT_ASSET_SYMBOL_EXTENSIONS = YES;
				CLANG_ANALYZER_NONNULL = YES;
				CLANG_ANALYZER_NUMBER_OBJECT_CONVERSION = YES_AGGRESSIVE;
				CLANG_CXX_LANGUAGE_STANDARD = "gnu++20";
				CLANG_ENABLE_MODULES = YES;
				CLANG_ENABLE_OBJC_ARC = YES;
				CLANG_ENABLE_OBJC_WEAK = YES;
				CLANG_WARN_BLOCK_CAPTURE_AUTORELEASING = YES;
				CLANG_WARN_BOOL_CONVERSION = YES;
				CLANG_WARN_COMMA = YES;
				CLANG_WARN_CONSTANT_CONVERSION = YES;
				CLANG_WARN_DEPRECATED_OBJC_IMPLEMENTATIONS = YES;
				CLANG_WARN_DIRECT_OBJC_ISA_USAGE = YES_ERROR;
				CLANG_WARN_DOCUMENTATION_COMMENTS = YES;
				CLANG_WARN_EMPTY_BODY = YES;
				CLANG_WARN_ENUM_CONVERSION = YES;
				CLANG_WARN_INFINITE_RECURSION = YES;
				CLANG_WARN_INT_CONVERSION = YES;
				CLANG_WARN_NON_LITERAL_NULL_CONVERSION = YES;
				CLANG_WARN_OBJC_IMPLICIT_RETAIN_SELF = YES;
				CLANG_WARN_OBJC_LITERAL_CONVERSION = YES;
				CLANG_WARN_OBJC_ROOT_CLASS = YES_ERROR;
				CLANG_WARN_QUOTED_INCLUDE_IN_FRAMEWORK_HEADER = YES;
				CLANG_WARN_RANGE_LOOP_ANALYSIS = YES;
				CLANG_WARN_STRICT_PROTOTYPES = YES;
				CLANG_WARN_SUSPICIOUS_MOVE = YES;
				CLANG_WARN_UNGUARDED_AVAILABILITY = YES_AGGRESSIVE;
				CLANG_WARN_UNREACHABLE_CODE = YES;
				CLANG_WARN__DUPLICATE_METHOD_MATCH = YES;
				COPY_PHASE_STRIP = NO;
				DEBUG_INFORMATION_FORMAT = "dwarf-with-dsym";
				ENABLE_NS_ASSERTIONS = NO;
				ENABLE_STRICT_OBJC_MSGSEND = YES;
				ENABLE_USER_SCRIPT_SANDBOXING = YES;
				GCC_C_LANGUAGE_STANDARD = gnu17;
				GCC_NO_COMMON_BLOCKS = YES;
				GCC_WARN_64_TO_32_BIT_CONVERSION = YES;
				GCC_WARN_ABOUT_RETURN_TYPE = YES_ERROR;
				GCC_WARN_UNDECLARED_SELECTOR = YES;
				GCC_WARN_UNINITIALIZED_AUTOS = YES_AGGRESSIVE;
				GCC_WARN_UNUSED_FUNCTION = YES;
				GCC_WARN_UNUSED_VARIABLE = YES;
				IPHONEOS_DEPLOYMENT_TARGET = 15.0;
				LOCALIZATION_PREFERS_STRING_CATALOGS = YES;
				MTL_ENABLE_DEBUG_INFO = NO;
				MTL_FAST_MATH = YES;
				SDKROOT = iphoneos;
				SWIFT_COMPILATION_MODE = wholemodule;
				VALIDATE_PRODUCT = YES;
			};
			name = Release;
		};
		75BECA712BC9507F001FA00A /* Debug */ = {
			isa = XCBuildConfiguration;
			buildSettings = {
				ASSETCATALOG_COMPILER_APPICON_NAME = AppIcon;
				ASSETCATALOG_COMPILER_GLOBAL_ACCENT_COLOR_NAME = AccentColor;
				CODE_SIGN_STYLE = Automatic;
				CURRENT_PROJECT_VERSION = 1;
				DEVELOPMENT_ASSET_PATHS = "\"InAppKeyboardSwiftUI/Preview Content\"";
				DEVELOPMENT_TEAM = "";
				ENABLE_PREVIEWS = YES;
				GENERATE_INFOPLIST_FILE = YES;
				INFOPLIST_KEY_UIApplicationSceneManifest_Generation = YES;
				INFOPLIST_KEY_UIApplicationSupportsIndirectInputEvents = YES;
				INFOPLIST_KEY_UILaunchScreen_Generation = YES;
				INFOPLIST_KEY_UISupportedInterfaceOrientations_iPad = "UIInterfaceOrientationPortrait UIInterfaceOrientationPortraitUpsideDown UIInterfaceOrientationLandscapeLeft UIInterfaceOrientationLandscapeRight";
				INFOPLIST_KEY_UISupportedInterfaceOrientations_iPhone = "UIInterfaceOrientationPortrait UIInterfaceOrientationLandscapeLeft UIInterfaceOrientationLandscapeRight";
				LD_RUNPATH_SEARCH_PATHS = (
					"$(inherited)",
					"@executable_path/Frameworks",
				);
				MARKETING_VERSION = 1.0;
				PRODUCT_BUNDLE_IDENTIFIER = "thingthing.FleksySDK.samplecode.InAppKeyboardSwiftUI.InAppKeyboardSwiftUI${SAMPLE_CODE_DISAMBIGUATOR}";
				PRODUCT_NAME = "$(TARGET_NAME)";
				SWIFT_EMIT_LOC_STRINGS = YES;
				SWIFT_VERSION = 5.0;
				TARGETED_DEVICE_FAMILY = "1,2";
			};
			name = Debug;
		};
		75BECA722BC9507F001FA00A /* Release */ = {
			isa = XCBuildConfiguration;
			buildSettings = {
				ASSETCATALOG_COMPILER_APPICON_NAME = AppIcon;
				ASSETCATALOG_COMPILER_GLOBAL_ACCENT_COLOR_NAME = AccentColor;
				CODE_SIGN_STYLE = Automatic;
				CURRENT_PROJECT_VERSION = 1;
				DEVELOPMENT_ASSET_PATHS = "\"InAppKeyboardSwiftUI/Preview Content\"";
				DEVELOPMENT_TEAM = "";
				ENABLE_PREVIEWS = YES;
				GENERATE_INFOPLIST_FILE = YES;
				INFOPLIST_KEY_UIApplicationSceneManifest_Generation = YES;
				INFOPLIST_KEY_UIApplicationSupportsIndirectInputEvents = YES;
				INFOPLIST_KEY_UILaunchScreen_Generation = YES;
				INFOPLIST_KEY_UISupportedInterfaceOrientations_iPad = "UIInterfaceOrientationPortrait UIInterfaceOrientationPortraitUpsideDown UIInterfaceOrientationLandscapeLeft UIInterfaceOrientationLandscapeRight";
				INFOPLIST_KEY_UISupportedInterfaceOrientations_iPhone = "UIInterfaceOrientationPortrait UIInterfaceOrientationLandscapeLeft UIInterfaceOrientationLandscapeRight";
				LD_RUNPATH_SEARCH_PATHS = (
					"$(inherited)",
					"@executable_path/Frameworks",
				);
				MARKETING_VERSION = 1.0;
				PRODUCT_BUNDLE_IDENTIFIER = "thingthing.FleksySDK.samplecode.InAppKeyboardSwiftUI.InAppKeyboardSwiftUI${SAMPLE_CODE_DISAMBIGUATOR}";
				PRODUCT_NAME = "$(TARGET_NAME)";
				SWIFT_EMIT_LOC_STRINGS = YES;
				SWIFT_VERSION = 5.0;
				TARGETED_DEVICE_FAMILY = "1,2";
			};
			name = Release;
		};
/* End XCBuildConfiguration section */

/* Begin XCConfigurationList section */
		75BECA5D2BC9507E001FA00A /* Build configuration list for PBXProject "InAppKeyboardSwiftUI" */ = {
			isa = XCConfigurationList;
			buildConfigurations = (
				75BECA6E2BC9507F001FA00A /* Debug */,
				75BECA6F2BC9507F001FA00A /* Release */,
			);
			defaultConfigurationIsVisible = 0;
			defaultConfigurationName = Release;
		};
		75BECA702BC9507F001FA00A /* Build configuration list for PBXNativeTarget "InAppKeyboardSwiftUI" */ = {
			isa = XCConfigurationList;
			buildConfigurations = (
				75BECA712BC9507F001FA00A /* Debug */,
				75BECA722BC9507F001FA00A /* Release */,
			);
			defaultConfigurationIsVisible = 0;
			defaultConfigurationName = Release;
		};
/* End XCConfigurationList section */

/* Begin XCRemoteSwiftPackageReference section */
		75BECA732BC950A4001FA00A /* XCRemoteSwiftPackageReference "FleksySDK-iOS" */ = {
			isa = XCRemoteSwiftPackageReference;
			repositoryURL = "https://github.com/FleksySDK/FleksySDK-iOS";
			requirement = {
				kind = upToNextMajorVersion;
				minimumVersion = 4.22.0;
			};
		};
/* End XCRemoteSwiftPackageReference section */

/* Begin XCSwiftPackageProductDependency section */
		75BECA742BC950A4001FA00A /* FleksySDK */ = {
			isa = XCSwiftPackageProductDependency;
			package = 75BECA732BC950A4001FA00A /* XCRemoteSwiftPackageReference "FleksySDK-iOS" */;
			productName = FleksySDK;
		};
/* End XCSwiftPackageProductDependency section */
	};
	rootObject = 75BECA5A2BC9507E001FA00A /* Project object */;
}
