{
  "pins" : [
    {
      "identity" : "fleksycoresdk-ios",
      "kind" : "remoteSourceControl",
      "location" : "https://github.com/FleksySDK/FleksyCoreSDK-iOS.git",
      "state" : {
        "revision" : "ab39867c03074032901eee6256a11df565e95bb5",
        "version" : "1.3.0"
      }
    },
    {
      "identity" : "fleksyengine-ios",
      "kind" : "remoteSourceControl",
      "location" : "https://github.com/FleksySDK/FleksyEngine-iOS",
      "state" : {
        "revision" : "f6bad55db5e4441eb76dfa25aa5706bba82b20ad",
        "version" : "3.12.1"
      }
    },
    {
      "identity" : "ios-coreservices",
      "kind" : "remoteSourceControl",
      "location" : "https://github.com/FleksySDK/iOS-CoreServices",
      "state" : {
        "revision" : "ccf407612642468b6bbe763f9cbd09f9c5aa7118",
        "version" : "1.6.0"
      }
    }
  ],
  "version" : 2
}
