{
  "pins" : [
    {
      "identity" : "fleksycoresdk-ios",
      "kind" : "remoteSourceControl",
      "location" : "https://github.com/FleksySDK/FleksyCoreSDK-iOS.git",
      "state" : {
        "revision" : "3b7db41828db99fe33e099167c06c74942a5a7f6",
        "version" : "1.2.0"
      }
    },
    {
      "identity" : "fleksyengine-ios",
      "kind" : "remoteSourceControl",
      "location" : "https://github.com/FleksySDK/FleksyEngine-iOS",
      "state" : {
        "revision" : "05382b1a65738b5764db9602a385518871246c67",
        "version" : "3.9.9"
      }
    },
    {
      "identity" : "ios-coreservices",
      "kind" : "remoteSourceControl",
      "location" : "https://github.com/FleksySDK/iOS-CoreServices",
      "state" : {
        "revision" : "792ac4dd0f05b0c5979174361374429b6d9e5df8",
        "version" : "1.5.0"
      }
    }
  ],
  "version" : 2
}
