// !$*UTF8*$!
{
	archiveVersion = 1;
	classes = {
	};
	objectVersion = 54;
	objects = {

/* Begin PBXBuildFile section */
		7587A8772BB197D00046D026 /* FleksySDK in Frameworks */ = {isa = PBXBuildFile; productRef = 7587A8762BB197D00046D026 /* FleksySDK */; };
		C77D84612AFA8D0400F765B1 /* fleksy-custom.bundle in Resources */ = {isa = PBXBuildFile; fileRef = C77D84602AFA8D0400F765B1 /* fleksy-custom.bundle */; };
		C7B564242AF512C400547F9F /* KeyboardViewController.swift in Sources */ = {isa = PBXBuildFile; fileRef = E6D21C19243383CE00A75639 /* KeyboardViewController.swift */; };
		C7B5642B2AF55D9900547F9F /* KeyboardStyle.swift in Sources */ = {isa = PBXBuildFile; fileRef = C7B5642A2AF55D9900547F9F /* KeyboardStyle.swift */; };
		E6D21BFA2433829300A75639 /* AppDelegate.swift in Sources */ = {isa = PBXBuildFile; fileRef = E6D21BF92433829300A75639 /* AppDelegate.swift */; };
		E6D21BFC2433829300A75639 /* SceneDelegate.swift in Sources */ = {isa = PBXBuildFile; fileRef = E6D21BFB2433829300A75639 /* SceneDelegate.swift */; };
		E6D21BFE2433829300A75639 /* ViewController.swift in Sources */ = {isa = PBXBuildFile; fileRef = E6D21BFD2433829300A75639 /* ViewController.swift */; };
		E6D21C012433829300A75639 /* Main.storyboard in Resources */ = {isa = PBXBuildFile; fileRef = E6D21BFF2433829300A75639 /* Main.storyboard */; };
		E6D21C032433829600A75639 /* Assets.xcassets in Resources */ = {isa = PBXBuildFile; fileRef = E6D21C022433829600A75639 /* Assets.xcassets */; };
		E6D21C062433829600A75639 /* LaunchScreen.storyboard in Resources */ = {isa = PBXBuildFile; fileRef = E6D21C042433829600A75639 /* LaunchScreen.storyboard */; };
/* End PBXBuildFile section */

/* Begin PBXCopyFilesBuildPhase section */
		E6D21C22243383CE00A75639 /* Embed App Extensions */ = {
			isa = PBXCopyFilesBuildPhase;
			buildActionMask = 2147483647;
			dstPath = "";
			dstSubfolderSpec = 13;
			files = (
			);
			name = "Embed App Extensions";
			runOnlyForDeploymentPostprocessing = 0;
		};
/* End PBXCopyFilesBuildPhase section */

/* Begin PBXFileReference section */
		C77D84602AFA8D0400F765B1 /* fleksy-custom.bundle */ = {isa = PBXFileReference; lastKnownFileType = "wrapper.plug-in"; path = "fleksy-custom.bundle"; sourceTree = "<group>"; };
		C7B5642A2AF55D9900547F9F /* KeyboardStyle.swift */ = {isa = PBXFileReference; lastKnownFileType = sourcecode.swift; path = KeyboardStyle.swift; sourceTree = "<group>"; };
		E6D21BF62433829300A75639 /* FleksyInAppKeyboard.app */ = {isa = PBXFileReference; explicitFileType = wrapper.application; includeInIndex = 0; path = FleksyInAppKeyboard.app; sourceTree = BUILT_PRODUCTS_DIR; };
		E6D21BF92433829300A75639 /* AppDelegate.swift */ = {isa = PBXFileReference; lastKnownFileType = sourcecode.swift; path = AppDelegate.swift; sourceTree = "<group>"; };
		E6D21BFB2433829300A75639 /* SceneDelegate.swift */ = {isa = PBXFileReference; lastKnownFileType = sourcecode.swift; path = SceneDelegate.swift; sourceTree = "<group>"; };
		E6D21BFD2433829300A75639 /* ViewController.swift */ = {isa = PBXFileReference; lastKnownFileType = sourcecode.swift; path = ViewController.swift; sourceTree = "<group>"; };
		E6D21C002433829300A75639 /* Base */ = {isa = PBXFileReference; lastKnownFileType = file.storyboard; name = Base; path = Base.lproj/Main.storyboard; sourceTree = "<group>"; };
		E6D21C022433829600A75639 /* Assets.xcassets */ = {isa = PBXFileReference; lastKnownFileType = folder.assetcatalog; path = Assets.xcassets; sourceTree = "<group>"; };
		E6D21C052433829600A75639 /* Base */ = {isa = PBXFileReference; lastKnownFileType = file.storyboard; name = Base; path = Base.lproj/LaunchScreen.storyboard; sourceTree = "<group>"; };
		E6D21C072433829600A75639 /* Info.plist */ = {isa = PBXFileReference; lastKnownFileType = text.plist.xml; path = Info.plist; sourceTree = "<group>"; };
		E6D21C19243383CE00A75639 /* KeyboardViewController.swift */ = {isa = PBXFileReference; lastKnownFileType = sourcecode.swift; path = KeyboardViewController.swift; sourceTree = "<group>"; };
/* End PBXFileReference section */

/* Begin PBXFrameworksBuildPhase section */
		E6D21BF32433829300A75639 /* Frameworks */ = {
			isa = PBXFrameworksBuildPhase;
			buildActionMask = 2147483647;
			files = (
				7587A8772BB197D00046D026 /* FleksySDK in Frameworks */,
			);
			runOnlyForDeploymentPostprocessing = 0;
		};
/* End PBXFrameworksBuildPhase section */

/* Begin PBXGroup section */
		C7B564252AF5291C00547F9F /* Keyboard */ = {
			isa = PBXGroup;
			children = (
				C77D84602AFA8D0400F765B1 /* fleksy-custom.bundle */,
				E6D21C19243383CE00A75639 /* KeyboardViewController.swift */,
				C7B5642A2AF55D9900547F9F /* KeyboardStyle.swift */,
			);
			path = Keyboard;
			sourceTree = "<group>";
		};
		E6D21BED2433829300A75639 = {
			isa = PBXGroup;
			children = (
				E6D21BF82433829300A75639 /* FleksySecureApp */,
				E6D21BF72433829300A75639 /* Products */,
				E6D21C232433845200A75639 /* Frameworks */,
			);
			sourceTree = "<group>";
		};
		E6D21BF72433829300A75639 /* Products */ = {
			isa = PBXGroup;
			children = (
				E6D21BF62433829300A75639 /* FleksyInAppKeyboard.app */,
			);
			name = Products;
			sourceTree = "<group>";
		};
		E6D21BF82433829300A75639 /* FleksySecureApp */ = {
			isa = PBXGroup;
			children = (
				C7B564252AF5291C00547F9F /* Keyboard */,
				E6D21BF92433829300A75639 /* AppDelegate.swift */,
				E6D21BFB2433829300A75639 /* SceneDelegate.swift */,
				E6D21BFD2433829300A75639 /* ViewController.swift */,
				E6D21BFF2433829300A75639 /* Main.storyboard */,
				E6D21C022433829600A75639 /* Assets.xcassets */,
				E6D21C042433829600A75639 /* LaunchScreen.storyboard */,
				E6D21C072433829600A75639 /* Info.plist */,
			);
			path = FleksySecureApp;
			sourceTree = "<group>";
		};
		E6D21C232433845200A75639 /* Frameworks */ = {
			isa = PBXGroup;
			children = (
			);
			name = Frameworks;
			sourceTree = "<group>";
		};
/* End PBXGroup section */

/* Begin PBXNativeTarget section */
		E6D21BF52433829300A75639 /* FleksyInAppKeyboard */ = {
			isa = PBXNativeTarget;
			buildConfigurationList = E6D21C0A2433829600A75639 /* Build configuration list for PBXNativeTarget "FleksyInAppKeyboard" */;
			buildPhases = (
				E6D21BF22433829300A75639 /* Sources */,
				E6D21BF32433829300A75639 /* Frameworks */,
				E6D21BF42433829300A75639 /* Resources */,
				E6D21C22243383CE00A75639 /* Embed App Extensions */,
			);
			buildRules = (
			);
			dependencies = (
			);
			name = FleksyInAppKeyboard;
			packageProductDependencies = (
				7587A8762BB197D00046D026 /* FleksySDK */,
			);
			productName = FleksySDKSwift;
			productReference = E6D21BF62433829300A75639 /* FleksyInAppKeyboard.app */;
			productType = "com.apple.product-type.application";
		};
/* End PBXNativeTarget section */

/* Begin PBXProject section */
		E6D21BEE2433829300A75639 /* Project object */ = {
			isa = PBXProject;
			attributes = {
				LastSwiftUpdateCheck = 1140;
				LastUpgradeCheck = 1140;
				ORGANIZATIONNAME = "Thingthing,Ltd";
				TargetAttributes = {
					E6D21BF52433829300A75639 = {
						CreatedOnToolsVersion = 11.4;
					};
				};
			};
			buildConfigurationList = E6D21BF12433829300A75639 /* Build configuration list for PBXProject "FleksyInAppKeyboard" */;
			compatibilityVersion = "Xcode 9.3";
			developmentRegion = en;
			hasScannedForEncodings = 0;
			knownRegions = (
				en,
				Base,
			);
			mainGroup = E6D21BED2433829300A75639;
			packageReferences = (
				7587A8752BB197D00046D026 /* XCRemoteSwiftPackageReference "FleksySDK-iOS" */,
			);
			productRefGroup = E6D21BF72433829300A75639 /* Products */;
			projectDirPath = "";
			projectRoot = "";
			targets = (
				E6D21BF52433829300A75639 /* FleksyInAppKeyboard */,
			);
		};
/* End PBXProject section */

/* Begin PBXResourcesBuildPhase section */
		E6D21BF42433829300A75639 /* Resources */ = {
			isa = PBXResourcesBuildPhase;
			buildActionMask = 2147483647;
			files = (
				E6D21C062433829600A75639 /* LaunchScreen.storyboard in Resources */,
				E6D21C032433829600A75639 /* Assets.xcassets in Resources */,
				C77D84612AFA8D0400F765B1 /* fleksy-custom.bundle in Resources */,
				E6D21C012433829300A75639 /* Main.storyboard in Resources */,
			);
			runOnlyForDeploymentPostprocessing = 0;
		};
/* End PBXResourcesBuildPhase section */

/* Begin PBXSourcesBuildPhase section */
		E6D21BF22433829300A75639 /* Sources */ = {
			isa = PBXSourcesBuildPhase;
			buildActionMask = 2147483647;
			files = (
				E6D21BFE2433829300A75639 /* ViewController.swift in Sources */,
				C7B5642B2AF55D9900547F9F /* KeyboardStyle.swift in Sources */,
				E6D21BFA2433829300A75639 /* AppDelegate.swift in Sources */,
				E6D21BFC2433829300A75639 /* SceneDelegate.swift in Sources */,
				C7B564242AF512C400547F9F /* KeyboardViewController.swift in Sources */,
			);
			runOnlyForDeploymentPostprocessing = 0;
		};
/* End PBXSourcesBuildPhase section */

/* Begin PBXVariantGroup section */
		E6D21BFF2433829300A75639 /* Main.storyboard */ = {
			isa = PBXVariantGroup;
			children = (
				E6D21C002433829300A75639 /* Base */,
			);
			name = Main.storyboard;
			sourceTree = "<group>";
		};
		E6D21C042433829600A75639 /* LaunchScreen.storyboard */ = {
			isa = PBXVariantGroup;
			children = (
				E6D21C052433829600A75639 /* Base */,
			);
			name = LaunchScreen.storyboard;
			sourceTree = "<group>";
		};
/* End PBXVariantGroup section */

/* Begin XCBuildConfiguration section */
		E6D21C082433829600A75639 /* Debug */ = {
			isa = XCBuildConfiguration;
			buildSettings = {
				ALWAYS_SEARCH_USER_PATHS = NO;
				CLANG_ANALYZER_NONNULL = YES;
				CLANG_ANALYZER_NUMBER_OBJECT_CONVERSION = YES_AGGRESSIVE;
				CLANG_CXX_LANGUAGE_STANDARD = "gnu++14";
				CLANG_CXX_LIBRARY = "libc++";
				CLANG_ENABLE_MODULES = YES;
				CLANG_ENABLE_OBJC_ARC = YES;
				CLANG_ENABLE_OBJC_WEAK = YES;
				CLANG_WARN_BLOCK_CAPTURE_AUTORELEASING = YES;
				CLANG_WARN_BOOL_CONVERSION = YES;
				CLANG_WARN_COMMA = YES;
				CLANG_WARN_CONSTANT_CONVERSION = YES;
				CLANG_WARN_DEPRECATED_OBJC_IMPLEMENTATIONS = YES;
				CLANG_WARN_DIRECT_OBJC_ISA_USAGE = YES_ERROR;
				CLANG_WARN_DOCUMENTATION_COMMENTS = YES;
				CLANG_WARN_EMPTY_BODY = YES;
				CLANG_WARN_ENUM_CONVERSION = YES;
				CLANG_WARN_INFINITE_RECURSION = YES;
				CLANG_WARN_INT_CONVERSION = YES;
				CLANG_WARN_NON_LITERAL_NULL_CONVERSION = YES;
				CLANG_WARN_OBJC_IMPLICIT_RETAIN_SELF = YES;
				CLANG_WARN_OBJC_LITERAL_CONVERSION = YES;
				CLANG_WARN_OBJC_ROOT_CLASS = YES_ERROR;
				CLANG_WARN_RANGE_LOOP_ANALYSIS = YES;
				CLANG_WARN_STRICT_PROTOTYPES = YES;
				CLANG_WARN_SUSPICIOUS_MOVE = YES;
				CLANG_WARN_UNGUARDED_AVAILABILITY = YES_AGGRESSIVE;
				CLANG_WARN_UNREACHABLE_CODE = YES;
				CLANG_WARN__DUPLICATE_METHOD_MATCH = YES;
				COPY_PHASE_STRIP = NO;
				DEBUG_INFORMATION_FORMAT = dwarf;
				ENABLE_STRICT_OBJC_MSGSEND = YES;
				ENABLE_TESTABILITY = YES;
				GCC_C_LANGUAGE_STANDARD = gnu11;
				GCC_DYNAMIC_NO_PIC = NO;
				GCC_NO_COMMON_BLOCKS = YES;
				GCC_OPTIMIZATION_LEVEL = 0;
				GCC_PREPROCESSOR_DEFINITIONS = (
					"DEBUG=1",
					"$(inherited)",
				);
				GCC_WARN_64_TO_32_BIT_CONVERSION = YES;
				GCC_WARN_ABOUT_RETURN_TYPE = YES_ERROR;
				GCC_WARN_UNDECLARED_SELECTOR = YES;
				GCC_WARN_UNINITIALIZED_AUTOS = YES_AGGRESSIVE;
				GCC_WARN_UNUSED_FUNCTION = YES;
				GCC_WARN_UNUSED_VARIABLE = YES;
				IPHONEOS_DEPLOYMENT_TARGET = 13.4;
				MTL_ENABLE_DEBUG_INFO = INCLUDE_SOURCE;
				MTL_FAST_MATH = YES;
				ONLY_ACTIVE_ARCH = YES;
				SDKROOT = iphoneos;
				SWIFT_ACTIVE_COMPILATION_CONDITIONS = DEBUG;
				SWIFT_OPTIMIZATION_LEVEL = "-Onone";
			};
			name = Debug;
		};
		E6D21C092433829600A75639 /* Release */ = {
			isa = XCBuildConfiguration;
			buildSettings = {
				ALWAYS_SEARCH_USER_PATHS = NO;
				CLANG_ANALYZER_NONNULL = YES;
				CLANG_ANALYZER_NUMBER_OBJECT_CONVERSION = YES_AGGRESSIVE;
				CLANG_CXX_LANGUAGE_STANDARD = "gnu++14";
				CLANG_CXX_LIBRARY = "libc++";
				CLANG_ENABLE_MODULES = YES;
				CLANG_ENABLE_OBJC_ARC = YES;
				CLANG_ENABLE_OBJC_WEAK = YES;
				CLANG_WARN_BLOCK_CAPTURE_AUTORELEASING = YES;
				CLANG_WARN_BOOL_CONVERSION = YES;
				CLANG_WARN_COMMA = YES;
				CLANG_WARN_CONSTANT_CONVERSION = YES;
				CLANG_WARN_DEPRECATED_OBJC_IMPLEMENTATIONS = YES;
				CLANG_WARN_DIRECT_OBJC_ISA_USAGE = YES_ERROR;
				CLANG_WARN_DOCUMENTATION_COMMENTS = YES;
				CLANG_WARN_EMPTY_BODY = YES;
				CLANG_WARN_ENUM_CONVERSION = YES;
				CLANG_WARN_INFINITE_RECURSION = YES;
				CLANG_WARN_INT_CONVERSION = YES;
				CLANG_WARN_NON_LITERAL_NULL_CONVERSION = YES;
				CLANG_WARN_OBJC_IMPLICIT_RETAIN_SELF = YES;
				CLANG_WARN_OBJC_LITERAL_CONVERSION = YES;
				CLANG_WARN_OBJC_ROOT_CLASS = YES_ERROR;
				CLANG_WARN_RANGE_LOOP_ANALYSIS = YES;
				CLANG_WARN_STRICT_PROTOTYPES = YES;
				CLANG_WARN_SUSPICIOUS_MOVE = YES;
				CLANG_WARN_UNGUARDED_AVAILABILITY = YES_AGGRESSIVE;
				CLANG_WARN_UNREACHABLE_CODE = YES;
				CLANG_WARN__DUPLICATE_METHOD_MATCH = YES;
				COPY_PHASE_STRIP = NO;
				DEBUG_INFORMATION_FORMAT = "dwarf-with-dsym";
				ENABLE_NS_ASSERTIONS = NO;
				ENABLE_STRICT_OBJC_MSGSEND = YES;
				GCC_C_LANGUAGE_STANDARD = gnu11;
				GCC_NO_COMMON_BLOCKS = YES;
				GCC_WARN_64_TO_32_BIT_CONVERSION = YES;
				GCC_WARN_ABOUT_RETURN_TYPE = YES_ERROR;
				GCC_WARN_UNDECLARED_SELECTOR = YES;
				GCC_WARN_UNINITIALIZED_AUTOS = YES_AGGRESSIVE;
				GCC_WARN_UNUSED_FUNCTION = YES;
				GCC_WARN_UNUSED_VARIABLE = YES;
				IPHONEOS_DEPLOYMENT_TARGET = 13.4;
				MTL_ENABLE_DEBUG_INFO = NO;
				MTL_FAST_MATH = YES;
				SDKROOT = iphoneos;
				SWIFT_COMPILATION_MODE = wholemodule;
				SWIFT_OPTIMIZATION_LEVEL = "-O";
				VALIDATE_PRODUCT = YES;
			};
			name = Release;
		};
		E6D21C0B2433829600A75639 /* Debug */ = {
			isa = XCBuildConfiguration;
			buildSettings = {
				ASSETCATALOG_COMPILER_APPICON_NAME = AppIcon;
				CODE_SIGN_ENTITLEMENTS = "";
				CODE_SIGN_STYLE = Automatic;
				DEVELOPMENT_TEAM = 8556JTA4X4;
				ENABLE_BITCODE = NO;
				INFOPLIST_FILE = FleksySecureApp/Info.plist;
				IPHONEOS_DEPLOYMENT_TARGET = 13.0;
				LD_RUNPATH_SEARCH_PATHS = (
					"$(inherited)",
					"@executable_path/Frameworks",
				);
				MARKETING_VERSION = 1.0.0;
				PRODUCT_BUNDLE_IDENTIFIER = thingthing.FleksySDKSwift;
				PRODUCT_NAME = "$(TARGET_NAME)";
				SWIFT_VERSION = 5.0;
				TARGETED_DEVICE_FAMILY = "1,2";
				VALIDATE_WORKSPACE_SKIPPED_SDK_FRAMEWORKS = "";
			};
			name = Debug;
		};
		E6D21C0C2433829600A75639 /* Release */ = {
			isa = XCBuildConfiguration;
			buildSettings = {
				ASSETCATALOG_COMPILER_APPICON_NAME = AppIcon;
				CODE_SIGN_ENTITLEMENTS = "";
				CODE_SIGN_STYLE = Automatic;
				DEVELOPMENT_TEAM = 8556JTA4X4;
				ENABLE_BITCODE = NO;
				INFOPLIST_FILE = FleksySecureApp/Info.plist;
				IPHONEOS_DEPLOYMENT_TARGET = 13.0;
				LD_RUNPATH_SEARCH_PATHS = (
					"$(inherited)",
					"@executable_path/Frameworks",
				);
				MARKETING_VERSION = 1.0.0;
				PRODUCT_BUNDLE_IDENTIFIER = thingthing.FleksySDKSwift;
				PRODUCT_NAME = "$(TARGET_NAME)";
				SWIFT_VERSION = 5.0;
				TARGETED_DEVICE_FAMILY = "1,2";
				VALIDATE_WORKSPACE_SKIPPED_SDK_FRAMEWORKS = "";
			};
			name = Release;
		};
/* End XCBuildConfiguration section */

/* Begin XCConfigurationList section */
		E6D21BF12433829300A75639 /* Build configuration list for PBXProject "FleksyInAppKeyboard" */ = {
			isa = XCConfigurationList;
			buildConfigurations = (
				E6D21C082433829600A75639 /* Debug */,
				E6D21C092433829600A75639 /* Release */,
			);
			defaultConfigurationIsVisible = 0;
			defaultConfigurationName = Release;
		};
		E6D21C0A2433829600A75639 /* Build configuration list for PBXNativeTarget "FleksyInAppKeyboard" */ = {
			isa = XCConfigurationList;
			buildConfigurations = (
				E6D21C0B2433829600A75639 /* Debug */,
				E6D21C0C2433829600A75639 /* Release */,
			);
			defaultConfigurationIsVisible = 0;
			defaultConfigurationName = Release;
		};
/* End XCConfigurationList section */

/* Begin XCRemoteSwiftPackageReference section */
		7587A8752BB197D00046D026 /* XCRemoteSwiftPackageReference "FleksySDK-iOS" */ = {
			isa = XCRemoteSwiftPackageReference;
			repositoryURL = "https://github.com/FleksySDK/FleksySDK-iOS";
			requirement = {
				kind = upToNextMajorVersion;
				minimumVersion = 4.25.0;
			};
		};
/* End XCRemoteSwiftPackageReference section */

/* Begin XCSwiftPackageProductDependency section */
		7587A8762BB197D00046D026 /* FleksySDK */ = {
			isa = XCSwiftPackageProductDependency;
			package = 7587A8752BB197D00046D026 /* XCRemoteSwiftPackageReference "FleksySDK-iOS" */;
			productName = FleksySDK;
		};
/* End XCSwiftPackageProductDependency section */
	};
	rootObject = E6D21BEE2433829300A75639 /* Project object */;
}
