// !$*UTF8*$!
{
	archiveVersion = 1;
	classes = {
	};
	objectVersion = 56;
	objects = {

/* Begin PBXBuildFile section */
		753CA891296D755500E05B42 /* KeyboardViewController.swift in Sources */ = {isa = PBXBuildFile; fileRef = 7540091C29530F3E0022B197 /* KeyboardViewController.swift */; };
		7540090329530F120022B197 /* AppDelegate.swift in Sources */ = {isa = PBXBuildFile; fileRef = 7540090229530F120022B197 /* AppDelegate.swift */; };
		7540090529530F120022B197 /* SceneDelegate.swift in Sources */ = {isa = PBXBuildFile; fileRef = 7540090429530F120022B197 /* SceneDelegate.swift */; };
		7540091D29530F3E0022B197 /* KeyboardViewController.swift in Sources */ = {isa = PBXBuildFile; fileRef = 7540091C29530F3E0022B197 /* KeyboardViewController.swift */; };
		7540092129530F3E0022B197 /* keyboard.appex in Embed Foundation Extensions */ = {isa = PBXBuildFile; fileRef = 7540091A29530F3E0022B197 /* keyboard.appex */; settings = {ATTRIBUTES = (RemoveHeadersOnCopy, ); }; };
		75400945295311B30022B197 /* Assets.xcassets in Resources */ = {isa = PBXBuildFile; fileRef = 7540092E295311B30022B197 /* Assets.xcassets */; };
		7540094F295311B30022B197 /* WelcomeViewController.swift in Sources */ = {isa = PBXBuildFile; fileRef = 7540093D295311B30022B197 /* WelcomeViewController.swift */; };
		75400955295311D30022B197 /* Constants.swift in Sources */ = {isa = PBXBuildFile; fileRef = 75400954295311D30022B197 /* Constants.swift */; };
		7540095D2953185A0022B197 /* LaunchScreen.storyboard in Resources */ = {isa = PBXBuildFile; fileRef = 7540095B2953185A0022B197 /* LaunchScreen.storyboard */; };
		7540095E2953185A0022B197 /* Main.storyboard in Resources */ = {isa = PBXBuildFile; fileRef = 7540095C2953185A0022B197 /* Main.storyboard */; };
		75F25B5D299FB30C00D884AB /* FleksySDK in Frameworks */ = {isa = PBXBuildFile; productRef = 75F25B5C299FB30C00D884AB /* FleksySDK */; };
		75F25B5F299FB33E00D884AB /* FleksySDK in Frameworks */ = {isa = PBXBuildFile; productRef = 75F25B5E299FB33E00D884AB /* FleksySDK */; };
/* End PBXBuildFile section */

/* Begin PBXContainerItemProxy section */
		7540091F29530F3E0022B197 /* PBXContainerItemProxy */ = {
			isa = PBXContainerItemProxy;
			containerPortal = 754008F729530F120022B197 /* Project object */;
			proxyType = 1;
			remoteGlobalIDString = 7540091929530F3E0022B197;
			remoteInfo = keyboard;
		};
/* End PBXContainerItemProxy section */

/* Begin PBXCopyFilesBuildPhase section */
		7540092529530F3E0022B197 /* Embed Foundation Extensions */ = {
			isa = PBXCopyFilesBuildPhase;
			buildActionMask = 2147483647;
			dstPath = "";
			dstSubfolderSpec = 13;
			files = (
				7540092129530F3E0022B197 /* keyboard.appex in Embed Foundation Extensions */,
			);
			name = "Embed Foundation Extensions";
			runOnlyForDeploymentPostprocessing = 0;
		};
/* End PBXCopyFilesBuildPhase section */

/* Begin PBXFileReference section */
		754008FF29530F120022B197 /* KeyboardEventBusApp.app */ = {isa = PBXFileReference; explicitFileType = wrapper.application; includeInIndex = 0; path = KeyboardEventBusApp.app; sourceTree = BUILT_PRODUCTS_DIR; };
		7540090229530F120022B197 /* AppDelegate.swift */ = {isa = PBXFileReference; lastKnownFileType = sourcecode.swift; path = AppDelegate.swift; sourceTree = "<group>"; };
		7540090429530F120022B197 /* SceneDelegate.swift */ = {isa = PBXFileReference; lastKnownFileType = sourcecode.swift; path = SceneDelegate.swift; sourceTree = "<group>"; };
		7540091029530F120022B197 /* Info.plist */ = {isa = PBXFileReference; lastKnownFileType = text.plist.xml; path = Info.plist; sourceTree = "<group>"; };
		7540091A29530F3E0022B197 /* keyboard.appex */ = {isa = PBXFileReference; explicitFileType = "wrapper.app-extension"; includeInIndex = 0; path = keyboard.appex; sourceTree = BUILT_PRODUCTS_DIR; };
		7540091C29530F3E0022B197 /* KeyboardViewController.swift */ = {isa = PBXFileReference; lastKnownFileType = sourcecode.swift; path = KeyboardViewController.swift; sourceTree = "<group>"; };
		7540091E29530F3E0022B197 /* Info.plist */ = {isa = PBXFileReference; lastKnownFileType = text.plist.xml; path = Info.plist; sourceTree = "<group>"; };
		7540092929530F6E0022B197 /* FleksyKeyboardSDKApp.entitlements */ = {isa = PBXFileReference; lastKnownFileType = text.plist.entitlements; path = FleksyKeyboardSDKApp.entitlements; sourceTree = "<group>"; };
		7540092A29530F800022B197 /* keyboard.entitlements */ = {isa = PBXFileReference; lastKnownFileType = text.plist.entitlements; path = keyboard.entitlements; sourceTree = "<group>"; };
		7540092E295311B30022B197 /* Assets.xcassets */ = {isa = PBXFileReference; lastKnownFileType = folder.assetcatalog; path = Assets.xcassets; sourceTree = "<group>"; };
		7540093D295311B30022B197 /* WelcomeViewController.swift */ = {isa = PBXFileReference; fileEncoding = 4; lastKnownFileType = sourcecode.swift; path = WelcomeViewController.swift; sourceTree = "<group>"; };
		75400954295311D30022B197 /* Constants.swift */ = {isa = PBXFileReference; lastKnownFileType = sourcecode.swift; path = Constants.swift; sourceTree = "<group>"; };
		7540095B2953185A0022B197 /* LaunchScreen.storyboard */ = {isa = PBXFileReference; fileEncoding = 4; lastKnownFileType = file.storyboard; path = LaunchScreen.storyboard; sourceTree = "<group>"; };
		7540095C2953185A0022B197 /* Main.storyboard */ = {isa = PBXFileReference; fileEncoding = 4; lastKnownFileType = file.storyboard; path = Main.storyboard; sourceTree = "<group>"; };
/* End PBXFileReference section */

/* Begin PBXFrameworksBuildPhase section */
		754008FC29530F120022B197 /* Frameworks */ = {
			isa = PBXFrameworksBuildPhase;
			buildActionMask = 2147483647;
			files = (
				75F25B5D299FB30C00D884AB /* FleksySDK in Frameworks */,
			);
			runOnlyForDeploymentPostprocessing = 0;
		};
		7540091729530F3E0022B197 /* Frameworks */ = {
			isa = PBXFrameworksBuildPhase;
			buildActionMask = 2147483647;
			files = (
				75F25B5F299FB33E00D884AB /* FleksySDK in Frameworks */,
			);
			runOnlyForDeploymentPostprocessing = 0;
		};
/* End PBXFrameworksBuildPhase section */

/* Begin PBXGroup section */
		754008F629530F120022B197 = {
			isa = PBXGroup;
			children = (
				7540090129530F120022B197 /* FleksyKeyboardSDKApp */,
				7540091B29530F3E0022B197 /* keyboard */,
				7540090029530F120022B197 /* Products */,
				7540092B29530FF10022B197 /* Frameworks */,
			);
			sourceTree = "<group>";
		};
		7540090029530F120022B197 /* Products */ = {
			isa = PBXGroup;
			children = (
				754008FF29530F120022B197 /* KeyboardEventBusApp.app */,
				7540091A29530F3E0022B197 /* keyboard.appex */,
			);
			name = Products;
			sourceTree = "<group>";
		};
		7540090129530F120022B197 /* FleksyKeyboardSDKApp */ = {
			isa = PBXGroup;
			children = (
				7540092929530F6E0022B197 /* FleksyKeyboardSDKApp.entitlements */,
				7540090229530F120022B197 /* AppDelegate.swift */,
				7540092E295311B30022B197 /* Assets.xcassets */,
				75400954295311D30022B197 /* Constants.swift */,
				7540093D295311B30022B197 /* WelcomeViewController.swift */,
				7540090429530F120022B197 /* SceneDelegate.swift */,
				7540095B2953185A0022B197 /* LaunchScreen.storyboard */,
				7540095C2953185A0022B197 /* Main.storyboard */,
				7540091029530F120022B197 /* Info.plist */,
			);
			path = FleksyKeyboardSDKApp;
			sourceTree = "<group>";
		};
		7540091B29530F3E0022B197 /* keyboard */ = {
			isa = PBXGroup;
			children = (
				7540092A29530F800022B197 /* keyboard.entitlements */,
				7540091C29530F3E0022B197 /* KeyboardViewController.swift */,
				7540091E29530F3E0022B197 /* Info.plist */,
			);
			path = keyboard;
			sourceTree = "<group>";
		};
		7540092B29530FF10022B197 /* Frameworks */ = {
			isa = PBXGroup;
			children = (
			);
			name = Frameworks;
			sourceTree = "<group>";
		};
/* End PBXGroup section */

/* Begin PBXNativeTarget section */
		754008FE29530F120022B197 /* KeyboardEventBusApp */ = {
			isa = PBXNativeTarget;
			buildConfigurationList = 7540091329530F120022B197 /* Build configuration list for PBXNativeTarget "KeyboardEventBusApp" */;
			buildPhases = (
				754008FB29530F120022B197 /* Sources */,
				754008FC29530F120022B197 /* Frameworks */,
				754008FD29530F120022B197 /* Resources */,
				7540092529530F3E0022B197 /* Embed Foundation Extensions */,
			);
			buildRules = (
			);
			dependencies = (
				7540092029530F3E0022B197 /* PBXTargetDependency */,
			);
			name = KeyboardEventBusApp;
			packageProductDependencies = (
				75F25B5C299FB30C00D884AB /* FleksySDK */,
			);
			productName = TestSDKIntegration;
			productReference = 754008FF29530F120022B197 /* KeyboardEventBusApp.app */;
			productType = "com.apple.product-type.application";
		};
		7540091929530F3E0022B197 /* keyboard */ = {
			isa = PBXNativeTarget;
			buildConfigurationList = 7540092229530F3E0022B197 /* Build configuration list for PBXNativeTarget "keyboard" */;
			buildPhases = (
				7540091629530F3E0022B197 /* Sources */,
				7540091729530F3E0022B197 /* Frameworks */,
				7540091829530F3E0022B197 /* Resources */,
			);
			buildRules = (
			);
			dependencies = (
			);
			name = keyboard;
			packageProductDependencies = (
				75F25B5E299FB33E00D884AB /* FleksySDK */,
			);
			productName = keyboard;
			productReference = 7540091A29530F3E0022B197 /* keyboard.appex */;
			productType = "com.apple.product-type.app-extension";
		};
/* End PBXNativeTarget section */

/* Begin PBXProject section */
		754008F729530F120022B197 /* Project object */ = {
			isa = PBXProject;
			attributes = {
				BuildIndependentTargetsInParallel = 1;
				LastSwiftUpdateCheck = 1420;
				LastUpgradeCheck = 1420;
				TargetAttributes = {
					754008FE29530F120022B197 = {
						CreatedOnToolsVersion = 14.2;
					};
					7540091929530F3E0022B197 = {
						CreatedOnToolsVersion = 14.2;
					};
				};
			};
			buildConfigurationList = 754008FA29530F120022B197 /* Build configuration list for PBXProject "KeyboardEventBusApp" */;
			compatibilityVersion = "Xcode 14.0";
			developmentRegion = en;
			hasScannedForEncodings = 0;
			knownRegions = (
				en,
				Base,
				es,
			);
			mainGroup = 754008F629530F120022B197;
			packageReferences = (
				75F25B5B299FB30C00D884AB /* XCRemoteSwiftPackageReference "FleksySDK-iOS" */,
			);
			productRefGroup = 7540090029530F120022B197 /* Products */;
			projectDirPath = "";
			projectRoot = "";
			targets = (
				754008FE29530F120022B197 /* KeyboardEventBusApp */,
				7540091929530F3E0022B197 /* keyboard */,
			);
		};
/* End PBXProject section */

/* Begin PBXResourcesBuildPhase section */
		754008FD29530F120022B197 /* Resources */ = {
			isa = PBXResourcesBuildPhase;
			buildActionMask = 2147483647;
			files = (
				75400945295311B30022B197 /* Assets.xcassets in Resources */,
				7540095E2953185A0022B197 /* Main.storyboard in Resources */,
				7540095D2953185A0022B197 /* LaunchScreen.storyboard in Resources */,
			);
			runOnlyForDeploymentPostprocessing = 0;
		};
		7540091829530F3E0022B197 /* Resources */ = {
			isa = PBXResourcesBuildPhase;
			buildActionMask = 2147483647;
			files = (
			);
			runOnlyForDeploymentPostprocessing = 0;
		};
/* End PBXResourcesBuildPhase section */

/* Begin PBXSourcesBuildPhase section */
		754008FB29530F120022B197 /* Sources */ = {
			isa = PBXSourcesBuildPhase;
			buildActionMask = 2147483647;
			files = (
				753CA891296D755500E05B42 /* KeyboardViewController.swift in Sources */,
				7540094F295311B30022B197 /* WelcomeViewController.swift in Sources */,
				7540090329530F120022B197 /* AppDelegate.swift in Sources */,
				75400955295311D30022B197 /* Constants.swift in Sources */,
				7540090529530F120022B197 /* SceneDelegate.swift in Sources */,
			);
			runOnlyForDeploymentPostprocessing = 0;
		};
		7540091629530F3E0022B197 /* Sources */ = {
			isa = PBXSourcesBuildPhase;
			buildActionMask = 2147483647;
			files = (
				7540091D29530F3E0022B197 /* KeyboardViewController.swift in Sources */,
			);
			runOnlyForDeploymentPostprocessing = 0;
		};
/* End PBXSourcesBuildPhase section */

/* Begin PBXTargetDependency section */
		7540092029530F3E0022B197 /* PBXTargetDependency */ = {
			isa = PBXTargetDependency;
			target = 7540091929530F3E0022B197 /* keyboard */;
			targetProxy = 7540091F29530F3E0022B197 /* PBXContainerItemProxy */;
		};
/* End PBXTargetDependency section */

/* Begin XCBuildConfiguration section */
		7540091129530F120022B197 /* Debug */ = {
			isa = XCBuildConfiguration;
			buildSettings = {
				ALWAYS_SEARCH_USER_PATHS = NO;
				CLANG_ANALYZER_NONNULL = YES;
				CLANG_ANALYZER_NUMBER_OBJECT_CONVERSION = YES_AGGRESSIVE;
				CLANG_CXX_LANGUAGE_STANDARD = "gnu++20";
				CLANG_ENABLE_MODULES = YES;
				CLANG_ENABLE_OBJC_ARC = YES;
				CLANG_ENABLE_OBJC_WEAK = YES;
				CLANG_WARN_BLOCK_CAPTURE_AUTORELEASING = YES;
				CLANG_WARN_BOOL_CONVERSION = YES;
				CLANG_WARN_COMMA = YES;
				CLANG_WARN_CONSTANT_CONVERSION = YES;
				CLANG_WARN_DEPRECATED_OBJC_IMPLEMENTATIONS = YES;
				CLANG_WARN_DIRECT_OBJC_ISA_USAGE = YES_ERROR;
				CLANG_WARN_DOCUMENTATION_COMMENTS = YES;
				CLANG_WARN_EMPTY_BODY = YES;
				CLANG_WARN_ENUM_CONVERSION = YES;
				CLANG_WARN_INFINITE_RECURSION = YES;
				CLANG_WARN_INT_CONVERSION = YES;
				CLANG_WARN_NON_LITERAL_NULL_CONVERSION = YES;
				CLANG_WARN_OBJC_IMPLICIT_RETAIN_SELF = YES;
				CLANG_WARN_OBJC_LITERAL_CONVERSION = YES;
				CLANG_WARN_OBJC_ROOT_CLASS = YES_ERROR;
				CLANG_WARN_QUOTED_INCLUDE_IN_FRAMEWORK_HEADER = YES;
				CLANG_WARN_RANGE_LOOP_ANALYSIS = YES;
				CLANG_WARN_STRICT_PROTOTYPES = YES;
				CLANG_WARN_SUSPICIOUS_MOVE = YES;
				CLANG_WARN_UNGUARDED_AVAILABILITY = YES_AGGRESSIVE;
				CLANG_WARN_UNREACHABLE_CODE = YES;
				CLANG_WARN__DUPLICATE_METHOD_MATCH = YES;
				COPY_PHASE_STRIP = NO;
				DEBUG_INFORMATION_FORMAT = dwarf;
				ENABLE_BITCODE = NO;
				ENABLE_STRICT_OBJC_MSGSEND = YES;
				ENABLE_TESTABILITY = YES;
				GCC_C_LANGUAGE_STANDARD = gnu11;
				GCC_DYNAMIC_NO_PIC = NO;
				GCC_NO_COMMON_BLOCKS = YES;
				GCC_OPTIMIZATION_LEVEL = 0;
				GCC_PREPROCESSOR_DEFINITIONS = (
					"DEBUG=1",
					"$(inherited)",
				);
				GCC_WARN_64_TO_32_BIT_CONVERSION = YES;
				GCC_WARN_ABOUT_RETURN_TYPE = YES_ERROR;
				GCC_WARN_UNDECLARED_SELECTOR = YES;
				GCC_WARN_UNINITIALIZED_AUTOS = YES_AGGRESSIVE;
				GCC_WARN_UNUSED_FUNCTION = YES;
				GCC_WARN_UNUSED_VARIABLE = YES;
				IPHONEOS_DEPLOYMENT_TARGET = 15.4;
				MTL_ENABLE_DEBUG_INFO = INCLUDE_SOURCE;
				MTL_FAST_MATH = YES;
				ONLY_ACTIVE_ARCH = YES;
				SDKROOT = iphoneos;
				SWIFT_ACTIVE_COMPILATION_CONDITIONS = DEBUG;
				SWIFT_OPTIMIZATION_LEVEL = "-Onone";
			};
			name = Debug;
		};
		7540091229530F120022B197 /* Release */ = {
			isa = XCBuildConfiguration;
			buildSettings = {
				ALWAYS_SEARCH_USER_PATHS = NO;
				CLANG_ANALYZER_NONNULL = YES;
				CLANG_ANALYZER_NUMBER_OBJECT_CONVERSION = YES_AGGRESSIVE;
				CLANG_CXX_LANGUAGE_STANDARD = "gnu++20";
				CLANG_ENABLE_MODULES = YES;
				CLANG_ENABLE_OBJC_ARC = YES;
				CLANG_ENABLE_OBJC_WEAK = YES;
				CLANG_WARN_BLOCK_CAPTURE_AUTORELEASING = YES;
				CLANG_WARN_BOOL_CONVERSION = YES;
				CLANG_WARN_COMMA = YES;
				CLANG_WARN_CONSTANT_CONVERSION = YES;
				CLANG_WARN_DEPRECATED_OBJC_IMPLEMENTATIONS = YES;
				CLANG_WARN_DIRECT_OBJC_ISA_USAGE = YES_ERROR;
				CLANG_WARN_DOCUMENTATION_COMMENTS = YES;
				CLANG_WARN_EMPTY_BODY = YES;
				CLANG_WARN_ENUM_CONVERSION = YES;
				CLANG_WARN_INFINITE_RECURSION = YES;
				CLANG_WARN_INT_CONVERSION = YES;
				CLANG_WARN_NON_LITERAL_NULL_CONVERSION = YES;
				CLANG_WARN_OBJC_IMPLICIT_RETAIN_SELF = YES;
				CLANG_WARN_OBJC_LITERAL_CONVERSION = YES;
				CLANG_WARN_OBJC_ROOT_CLASS = YES_ERROR;
				CLANG_WARN_QUOTED_INCLUDE_IN_FRAMEWORK_HEADER = YES;
				CLANG_WARN_RANGE_LOOP_ANALYSIS = YES;
				CLANG_WARN_STRICT_PROTOTYPES = YES;
				CLANG_WARN_SUSPICIOUS_MOVE = YES;
				CLANG_WARN_UNGUARDED_AVAILABILITY = YES_AGGRESSIVE;
				CLANG_WARN_UNREACHABLE_CODE = YES;
				CLANG_WARN__DUPLICATE_METHOD_MATCH = YES;
				COPY_PHASE_STRIP = NO;
				DEBUG_INFORMATION_FORMAT = "dwarf-with-dsym";
				ENABLE_BITCODE = NO;
				ENABLE_NS_ASSERTIONS = NO;
				ENABLE_STRICT_OBJC_MSGSEND = YES;
				GCC_C_LANGUAGE_STANDARD = gnu11;
				GCC_NO_COMMON_BLOCKS = YES;
				GCC_WARN_64_TO_32_BIT_CONVERSION = YES;
				GCC_WARN_ABOUT_RETURN_TYPE = YES_ERROR;
				GCC_WARN_UNDECLARED_SELECTOR = YES;
				GCC_WARN_UNINITIALIZED_AUTOS = YES_AGGRESSIVE;
				GCC_WARN_UNUSED_FUNCTION = YES;
				GCC_WARN_UNUSED_VARIABLE = YES;
				IPHONEOS_DEPLOYMENT_TARGET = 15.4;
				MTL_ENABLE_DEBUG_INFO = NO;
				MTL_FAST_MATH = YES;
				SDKROOT = iphoneos;
				SWIFT_COMPILATION_MODE = wholemodule;
				SWIFT_OPTIMIZATION_LEVEL = "-O";
				VALIDATE_PRODUCT = YES;
			};
			name = Release;
		};
		7540091429530F120022B197 /* Debug */ = {
			isa = XCBuildConfiguration;
			buildSettings = {
				ALWAYS_EMBED_SWIFT_STANDARD_LIBRARIES = YES;
				ASSETCATALOG_COMPILER_APPICON_NAME = AppIcon;
				ASSETCATALOG_COMPILER_GLOBAL_ACCENT_COLOR_NAME = AccentColor;
				CODE_SIGN_ENTITLEMENTS = FleksyKeyboardSDKApp/FleksyKeyboardSDKApp.entitlements;
				CODE_SIGN_IDENTITY = "Apple Development";
				CODE_SIGN_STYLE = Automatic;
				CURRENT_PROJECT_VERSION = 1;
				DEVELOPMENT_TEAM = 8556JTA4X4;
				GENERATE_INFOPLIST_FILE = YES;
				INFOPLIST_FILE = FleksyKeyboardSDKApp/Info.plist;
				INFOPLIST_KEY_CFBundleDisplayName = FleksySDK;
				INFOPLIST_KEY_UIApplicationSupportsIndirectInputEvents = YES;
				INFOPLIST_KEY_UILaunchStoryboardName = LaunchScreen;
				INFOPLIST_KEY_UIMainStoryboardFile = Main;
				INFOPLIST_KEY_UISupportedInterfaceOrientations_iPad = "UIInterfaceOrientationPortrait UIInterfaceOrientationPortraitUpsideDown UIInterfaceOrientationLandscapeLeft UIInterfaceOrientationLandscapeRight";
				INFOPLIST_KEY_UISupportedInterfaceOrientations_iPhone = "UIInterfaceOrientationPortrait UIInterfaceOrientationLandscapeLeft UIInterfaceOrientationLandscapeRight";
				IPHONEOS_DEPLOYMENT_TARGET = 15.4;
				LD_RUNPATH_SEARCH_PATHS = (
					"$(inherited)",
					"@executable_path/Frameworks",
				);
				MARKETING_VERSION = 1.0;
				PRODUCT_BUNDLE_IDENTIFIER = thingthing.FleksySDK;
				PRODUCT_NAME = "$(TARGET_NAME)";
				PROVISIONING_PROFILE_SPECIFIER = "";
				SWIFT_EMIT_LOC_STRINGS = YES;
				SWIFT_VERSION = 5.0;
				TARGETED_DEVICE_FAMILY = "1,2";
			};
			name = Debug;
		};
		7540091529530F120022B197 /* Release */ = {
			isa = XCBuildConfiguration;
			buildSettings = {
				ALWAYS_EMBED_SWIFT_STANDARD_LIBRARIES = YES;
				ASSETCATALOG_COMPILER_APPICON_NAME = AppIcon;
				ASSETCATALOG_COMPILER_GLOBAL_ACCENT_COLOR_NAME = AccentColor;
				CODE_SIGN_ENTITLEMENTS = FleksyKeyboardSDKApp/FleksyKeyboardSDKApp.entitlements;
				CODE_SIGN_IDENTITY = "Apple Development";
				CODE_SIGN_STYLE = Automatic;
				CURRENT_PROJECT_VERSION = 1;
				DEVELOPMENT_TEAM = 8556JTA4X4;
				GENERATE_INFOPLIST_FILE = YES;
				INFOPLIST_FILE = FleksyKeyboardSDKApp/Info.plist;
				INFOPLIST_KEY_CFBundleDisplayName = FleksySDK;
				INFOPLIST_KEY_UIApplicationSupportsIndirectInputEvents = YES;
				INFOPLIST_KEY_UILaunchStoryboardName = LaunchScreen;
				INFOPLIST_KEY_UIMainStoryboardFile = Main;
				INFOPLIST_KEY_UISupportedInterfaceOrientations_iPad = "UIInterfaceOrientationPortrait UIInterfaceOrientationPortraitUpsideDown UIInterfaceOrientationLandscapeLeft UIInterfaceOrientationLandscapeRight";
				INFOPLIST_KEY_UISupportedInterfaceOrientations_iPhone = "UIInterfaceOrientationPortrait UIInterfaceOrientationLandscapeLeft UIInterfaceOrientationLandscapeRight";
				IPHONEOS_DEPLOYMENT_TARGET = 15.4;
				LD_RUNPATH_SEARCH_PATHS = (
					"$(inherited)",
					"@executable_path/Frameworks",
				);
				MARKETING_VERSION = 1.0;
				PRODUCT_BUNDLE_IDENTIFIER = thingthing.FleksySDK;
				PRODUCT_NAME = "$(TARGET_NAME)";
				PROVISIONING_PROFILE_SPECIFIER = "";
				SWIFT_EMIT_LOC_STRINGS = YES;
				SWIFT_VERSION = 5.0;
				TARGETED_DEVICE_FAMILY = "1,2";
			};
			name = Release;
		};
		7540092329530F3E0022B197 /* Debug */ = {
			isa = XCBuildConfiguration;
			buildSettings = {
				CODE_SIGN_ENTITLEMENTS = keyboard/keyboard.entitlements;
				CODE_SIGN_IDENTITY = "Apple Development";
				CODE_SIGN_STYLE = Automatic;
				CURRENT_PROJECT_VERSION = 1;
				DEVELOPMENT_TEAM = 8556JTA4X4;
				GENERATE_INFOPLIST_FILE = YES;
				INFOPLIST_FILE = keyboard/Info.plist;
				INFOPLIST_KEY_CFBundleDisplayName = keyboard;
				INFOPLIST_KEY_NSHumanReadableCopyright = "";
				LD_RUNPATH_SEARCH_PATHS = (
					"$(inherited)",
					"@executable_path/Frameworks",
					"@executable_path/../../Frameworks",
				);
				MARKETING_VERSION = 1.0;
				PRODUCT_BUNDLE_IDENTIFIER = thingthing.FleksySDK.keyboard;
				PRODUCT_NAME = "$(TARGET_NAME)";
				PROVISIONING_PROFILE_SPECIFIER = "";
				SKIP_INSTALL = YES;
				SWIFT_EMIT_LOC_STRINGS = YES;
				SWIFT_VERSION = 5.0;
				TARGETED_DEVICE_FAMILY = "1,2";
			};
			name = Debug;
		};
		7540092429530F3E0022B197 /* Release */ = {
			isa = XCBuildConfiguration;
			buildSettings = {
				CODE_SIGN_ENTITLEMENTS = keyboard/keyboard.entitlements;
				CODE_SIGN_IDENTITY = "Apple Development";
				CODE_SIGN_STYLE = Automatic;
				CURRENT_PROJECT_VERSION = 1;
				DEVELOPMENT_TEAM = 8556JTA4X4;
				GENERATE_INFOPLIST_FILE = YES;
				INFOPLIST_FILE = keyboard/Info.plist;
				INFOPLIST_KEY_CFBundleDisplayName = keyboard;
				INFOPLIST_KEY_NSHumanReadableCopyright = "";
				LD_RUNPATH_SEARCH_PATHS = (
					"$(inherited)",
					"@executable_path/Frameworks",
					"@executable_path/../../Frameworks",
				);
				MARKETING_VERSION = 1.0;
				PRODUCT_BUNDLE_IDENTIFIER = thingthing.FleksySDK.keyboard;
				PRODUCT_NAME = "$(TARGET_NAME)";
				PROVISIONING_PROFILE_SPECIFIER = "";
				SKIP_INSTALL = YES;
				SWIFT_EMIT_LOC_STRINGS = YES;
				SWIFT_VERSION = 5.0;
				TARGETED_DEVICE_FAMILY = "1,2";
			};
			name = Release;
		};
/* End XCBuildConfiguration section */

/* Begin XCConfigurationList section */
		754008FA29530F120022B197 /* Build configuration list for PBXProject "KeyboardEventBusApp" */ = {
			isa = XCConfigurationList;
			buildConfigurations = (
				7540091129530F120022B197 /* Debug */,
				7540091229530F120022B197 /* Release */,
			);
			defaultConfigurationIsVisible = 0;
			defaultConfigurationName = Release;
		};
		7540091329530F120022B197 /* Build configuration list for PBXNativeTarget "KeyboardEventBusApp" */ = {
			isa = XCConfigurationList;
			buildConfigurations = (
				7540091429530F120022B197 /* Debug */,
				7540091529530F120022B197 /* Release */,
			);
			defaultConfigurationIsVisible = 0;
			defaultConfigurationName = Release;
		};
		7540092229530F3E0022B197 /* Build configuration list for PBXNativeTarget "keyboard" */ = {
			isa = XCConfigurationList;
			buildConfigurations = (
				7540092329530F3E0022B197 /* Debug */,
				7540092429530F3E0022B197 /* Release */,
			);
			defaultConfigurationIsVisible = 0;
			defaultConfigurationName = Release;
		};
/* End XCConfigurationList section */

/* Begin XCRemoteSwiftPackageReference section */
		75F25B5B299FB30C00D884AB /* XCRemoteSwiftPackageReference "FleksySDK-iOS" */ = {
			isa = XCRemoteSwiftPackageReference;
			repositoryURL = "https://github.com/FleksySDK/FleksySDK-iOS";
			requirement = {
				kind = upToNextMajorVersion;
				minimumVersion = 4.25.0;
			};
		};
/* End XCRemoteSwiftPackageReference section */

/* Begin XCSwiftPackageProductDependency section */
		75F25B5C299FB30C00D884AB /* FleksySDK */ = {
			isa = XCSwiftPackageProductDependency;
			package = 75F25B5B299FB30C00D884AB /* XCRemoteSwiftPackageReference "FleksySDK-iOS" */;
			productName = FleksySDK;
		};
		75F25B5E299FB33E00D884AB /* FleksySDK */ = {
			isa = XCSwiftPackageProductDependency;
			package = 75F25B5B299FB30C00D884AB /* XCRemoteSwiftPackageReference "FleksySDK-iOS" */;
			productName = FleksySDK;
		};
/* End XCSwiftPackageProductDependency section */
	};
	rootObject = 754008F729530F120022B197 /* Project object */;
}
