{
  "pins" : [
    {
      "identity" : "fleksyapps-ios",
      "kind" : "remoteSourceControl",
      "location" : "https://github.com/FleksySDK/fleksyapps-iOS",
      "state" : {
        "revision" : "354757052687cdb170c6c62715b818f455038827",
        "version" : "1.0.1"
      }
    },
    {
      "identity" : "fleksyengine-ios",
      "kind" : "remoteSourceControl",
      "location" : "https://github.com/FleksySDK/FleksyEngine-iOS",
      "state" : {
        "revision" : "a57304e98c959ca68238acf202e93085b7be3ca5",
        "version" : "3.12.4"
      }
    },
    {
      "identity" : "fleksysdk-ios",
      "kind" : "remoteSourceControl",
      "location" : "https://github.com/FleksySDK/FleksySDK-iOS",
      "state" : {
        "revision" : "3a9fe1844e7071e665e48e57d845d0753a6e62bf",
        "version" : "4.9.0"
      }
    },
    {
      "identity" : "ios-coreservices",
      "kind" : "remoteSourceControl",
      "location" : "https://github.com/FleksySDK/iOS-CoreServices",
      "state" : {
        "revision" : "85eb8993de1299d8c1da11f9fa30377b532884b2",
        "version" : "1.4.0"
      }
    },
    {
      "identity" : "ios-fleksyappscore",
      "kind" : "remoteSourceControl",
      "location" : "https://github.com/FleksySDK/iOS-FleksyAppsCore",
      "state" : {
        "revision" : "fef4136a5dcfd8260e0f35f5bb65888db3965ddd",
        "version" : "1.0.0"
      }
    }
  ],
  "version" : 2
}
