{
  "pins" : [
    {
      "identity" : "fleksyapps-ios",
      "kind" : "remoteSourceControl",
      "location" : "https://github.com/FleksySDK/fleksyapps-iOS",
      "state" : {
        "revision" : "a2f0b54ca330ae548dce85770b316e523ba8bc1f",
        "version" : "1.0.0"
      }
    },
    {
      "identity" : "fleksyengine-ios",
      "kind" : "remoteSourceControl",
      "location" : "https://github.com/FleksySDK/FleksyEngine-iOS",
      "state" : {
        "revision" : "7963be3c7589f31b2793e217d994b51a9da8d8f4",
        "version" : "3.10.3"
      }
    },
    {
      "identity" : "fleksysdk-ios",
      "kind" : "remoteSourceControl",
      "location" : "https://github.com/FleksySDK/FleksySDK-iOS",
      "state" : {
        "revision" : "463d401e3017238cee8b5e099e2447e8354cba48",
        "version" : "4.7.1"
      }
    },
    {
      "identity" : "ios-coreservices",
      "kind" : "remoteSourceControl",
      "location" : "https://github.com/FleksySDK/iOS-CoreServices",
      "state" : {
        "revision" : "85eb8993de1299d8c1da11f9fa30377b532884b2",
        "version" : "1.4.0"
      }
    },
    {
      "identity" : "ios-fleksyappscore",
      "kind" : "remoteSourceControl",
      "location" : "https://github.com/FleksySDK/iOS-FleksyAppsCore",
      "state" : {
        "revision" : "5c25b4eaceebe3e326d1576c3fda14ad77708b75",
        "version" : "0.9.1"
      }
    }
  ],
  "version" : 2
}
